// !$*UTF8*$!
{
	archiveVersion = 1;
	classes = {
	};
	objectVersion = 52;
	objects = {

/* Begin PBXBuildFile section */
		0F199DCE225F20EB003973B1 /* WH_JXSetShikuNum_WHVC.m in Sources */ = {isa = PBXBuildFile; fileRef = 0F199DCD225F20EB003973B1 /* WH_JXSetShikuNum_WHVC.m */; };
		0F1F9D2D204E85800037AF27 /* ic_password_hide@2x.png in Resources */ = {isa = PBXBuildFile; fileRef = 0F1F9D29204E857F0037AF27 /* ic_password_hide@2x.png */; };
		0F1F9D2E204E85800037AF27 /* ic_password_display@2x.png in Resources */ = {isa = PBXBuildFile; fileRef = 0F1F9D2A204E857F0037AF27 /* ic_password_display@2x.png */; };
		0F1F9D2F204E85800037AF27 /* ic_password_display@3x.png in Resources */ = {isa = PBXBuildFile; fileRef = 0F1F9D2B204E857F0037AF27 /* ic_password_display@3x.png */; };
		0F1F9D30204E85800037AF27 /* ic_password_hide@3x.png in Resources */ = {isa = PBXBuildFile; fileRef = 0F1F9D2C204E85800037AF27 /* ic_password_hide@3x.png */; };
		0F304D952153AD0D001EC77E /* copying.txt in Resources */ = {isa = PBXBuildFile; fileRef = 0F304BB52153AD0C001EC77E /* copying.txt */; };
		0F304D962153AD0D001EC77E /* XMPPMessage.m in Sources */ = {isa = PBXBuildFile; fileRef = 0F304BB72153AD0C001EC77E /* XMPPMessage.m */; };
		0F304D972153AD0D001EC77E /* XMPPPresence.m in Sources */ = {isa = PBXBuildFile; fileRef = 0F304BB82153AD0C001EC77E /* XMPPPresence.m */; };
		0F304D982153AD0D001EC77E /* XMPPStream.m in Sources */ = {isa = PBXBuildFile; fileRef = 0F304BB92153AD0C001EC77E /* XMPPStream.m */; };
		0F304D992153AD0D001EC77E /* XMPPParser.m in Sources */ = {isa = PBXBuildFile; fileRef = 0F304BBB2153AD0C001EC77E /* XMPPParser.m */; };
		0F304D9A2153AD0D001EC77E /* XMPPIQ.m in Sources */ = {isa = PBXBuildFile; fileRef = 0F304BBD2153AD0C001EC77E /* XMPPIQ.m */; };
		0F304D9B2153AD0D001EC77E /* XMPPJID.m in Sources */ = {isa = PBXBuildFile; fileRef = 0F304BBF2153AD0C001EC77E /* XMPPJID.m */; };
		0F304D9C2153AD0D001EC77E /* XMPPModule.m in Sources */ = {isa = PBXBuildFile; fileRef = 0F304BC62153AD0C001EC77E /* XMPPModule.m */; };
		0F304D9D2153AD0D001EC77E /* XMPPElement.m in Sources */ = {isa = PBXBuildFile; fileRef = 0F304BCA2153AD0C001EC77E /* XMPPElement.m */; };
		0F304D9E2153AD0D001EC77E /* XMPPConstants.m in Sources */ = {isa = PBXBuildFile; fileRef = 0F304BCC2153AD0C001EC77E /* XMPPConstants.m */; };
		0F304D9F2153AD0D001EC77E /* XMPPBookmark.m in Sources */ = {isa = PBXBuildFile; fileRef = 0F304BD22153AD0C001EC77E /* XMPPBookmark.m */; };
		0F304DA02153AD0D001EC77E /* NSXMLElement+XEP_0048.m in Sources */ = {isa = PBXBuildFile; fileRef = 0F304BD32153AD0C001EC77E /* NSXMLElement+XEP_0048.m */; };
		0F304DA12153AD0D001EC77E /* XMPPBookmarksStorageElement.m in Sources */ = {isa = PBXBuildFile; fileRef = 0F304BD42153AD0C001EC77E /* XMPPBookmarksStorageElement.m */; };
		0F304DA22153AD0D001EC77E /* XMPPRegistration.m in Sources */ = {isa = PBXBuildFile; fileRef = 0F304BD72153AD0C001EC77E /* XMPPRegistration.m */; };
		0F304DA32153AD0D001EC77E /* XMPPMessageCarbons.m in Sources */ = {isa = PBXBuildFile; fileRef = 0F304BD92153AD0C001EC77E /* XMPPMessageCarbons.m */; };
		0F304DA42153AD0D001EC77E /* XMPPMessage+XEP_0280.m in Sources */ = {isa = PBXBuildFile; fileRef = 0F304BDA2153AD0C001EC77E /* XMPPMessage+XEP_0280.m */; };
		0F304DA52153AD0D001EC77E /* XMPPLastActivity.m in Sources */ = {isa = PBXBuildFile; fileRef = 0F304BE02153AD0C001EC77E /* XMPPLastActivity.m */; };
		0F304DA62153AD0D001EC77E /* XMPPIQ+LastActivity.m in Sources */ = {isa = PBXBuildFile; fileRef = 0F304BE12153AD0C001EC77E /* XMPPIQ+LastActivity.m */; };
		0F304DA72153AD0D001EC77E /* XMPPDateTimeProfiles.m in Sources */ = {isa = PBXBuildFile; fileRef = 0F304BE32153AD0C001EC77E /* XMPPDateTimeProfiles.m */; };
		0F304DA82153AD0D001EC77E /* NSDate+XMPPDateTimeProfiles.m in Sources */ = {isa = PBXBuildFile; fileRef = 0F304BE42153AD0C001EC77E /* NSDate+XMPPDateTimeProfiles.m */; };
		0F304DA92153AD0D001EC77E /* XMPPMessage+XEP_0085.m in Sources */ = {isa = PBXBuildFile; fileRef = 0F304BE92153AD0C001EC77E /* XMPPMessage+XEP_0085.m */; };
		0F304DAA2153AD0D001EC77E /* XMPPReconnect.m in Sources */ = {isa = PBXBuildFile; fileRef = 0F304BEC2153AD0C001EC77E /* XMPPReconnect.m */; };
		0F304DAB2153AD0D001EC77E /* XMPPHTTPFileUpload.m in Sources */ = {isa = PBXBuildFile; fileRef = 0F304BF02153AD0C001EC77E /* XMPPHTTPFileUpload.m */; };
		0F304DAC2153AD0D001EC77E /* XMPPSlot.m in Sources */ = {isa = PBXBuildFile; fileRef = 0F304BF12153AD0C001EC77E /* XMPPSlot.m */; };
		0F304DAD2153AD0D001EC77E /* NSXMLElement+XEP_0352.m in Sources */ = {isa = PBXBuildFile; fileRef = 0F304BF42153AD0C001EC77E /* NSXMLElement+XEP_0352.m */; };
		0F304DAE2153AD0D001EC77E /* XMPPRosterMemoryStorage.m in Sources */ = {isa = PBXBuildFile; fileRef = 0F304BFA2153AD0C001EC77E /* XMPPRosterMemoryStorage.m */; };
		0F304DAF2153AD0D001EC77E /* XMPPUserMemoryStorageObject.m in Sources */ = {isa = PBXBuildFile; fileRef = 0F304BFB2153AD0C001EC77E /* XMPPUserMemoryStorageObject.m */; };
		0F304DB02153AD0D001EC77E /* XMPPResourceMemoryStorageObject.m in Sources */ = {isa = PBXBuildFile; fileRef = 0F304BFF2153AD0C001EC77E /* XMPPResourceMemoryStorageObject.m */; };
		0F304DB12153AD0D001EC77E /* XMPPResourceCoreDataStorageObject.m in Sources */ = {isa = PBXBuildFile; fileRef = 0F304C022153AD0C001EC77E /* XMPPResourceCoreDataStorageObject.m */; };
		0F304DB22153AD0D001EC77E /* XMPPUserCoreDataStorageObject.m in Sources */ = {isa = PBXBuildFile; fileRef = 0F304C052153AD0C001EC77E /* XMPPUserCoreDataStorageObject.m */; };
		0F304DB32153AD0D001EC77E /* XMPPRosterCoreDataStorage.m in Sources */ = {isa = PBXBuildFile; fileRef = 0F304C062153AD0C001EC77E /* XMPPRosterCoreDataStorage.m */; };
		0F304DB42153AD0D001EC77E /* XMPPGroupCoreDataStorageObject.m in Sources */ = {isa = PBXBuildFile; fileRef = 0F304C092153AD0C001EC77E /* XMPPGroupCoreDataStorageObject.m */; };
		0F304DB52153AD0D001EC77E /* XMPPRoster.m in Sources */ = {isa = PBXBuildFile; fileRef = 0F304C0B2153AD0C001EC77E /* XMPPRoster.m */; };
		0F304DB62153AD0D001EC77E /* XMPPMessage+XEP_0308.m in Sources */ = {isa = PBXBuildFile; fileRef = 0F304C0D2153AD0C001EC77E /* XMPPMessage+XEP_0308.m */; };
		0F304DB72153AD0D001EC77E /* XMPPProcessOne.m in Sources */ = {isa = PBXBuildFile; fileRef = 0F304C102153AD0C001EC77E /* XMPPProcessOne.m */; };
		0F304DB82153AD0E001EC77E /* XMPPMessageArchiveManagement.m in Sources */ = {isa = PBXBuildFile; fileRef = 0F304C152153AD0C001EC77E /* XMPPMessageArchiveManagement.m */; };
		0F304DB92153AD0E001EC77E /* XMPPMessage+XEP_0313.m in Sources */ = {isa = PBXBuildFile; fileRef = 0F304C162153AD0C001EC77E /* XMPPMessage+XEP_0313.m */; };
		0F304DBA2153AD0E001EC77E /* XMPPRoomLightCoreDataStorage+XEP_0313.m in Sources */ = {isa = PBXBuildFile; fileRef = 0F304C172153AD0C001EC77E /* XMPPRoomLightCoreDataStorage+XEP_0313.m */; };
		0F304DBB2153AD0E001EC77E /* XMPPPresence+XEP_0172.m in Sources */ = {isa = PBXBuildFile; fileRef = 0F304C1B2153AD0C001EC77E /* XMPPPresence+XEP_0172.m */; };
		0F304DBC2153AD0E001EC77E /* XMPPMessage+XEP_0172.m in Sources */ = {isa = PBXBuildFile; fileRef = 0F304C1C2153AD0C001EC77E /* XMPPMessage+XEP_0172.m */; };
		0F304DBD2153AD0E001EC77E /* NSXMLElement+XEP_0203.m in Sources */ = {isa = PBXBuildFile; fileRef = 0F304C1F2153AD0C001EC77E /* NSXMLElement+XEP_0203.m */; };
		0F304DBE2153AD0E001EC77E /* XMPPDelayedDelivery.m in Sources */ = {isa = PBXBuildFile; fileRef = 0F304C222153AD0C001EC77E /* XMPPDelayedDelivery.m */; };
		0F304DBF2153AD0E001EC77E /* XMPPJabberRPCModule.m in Sources */ = {isa = PBXBuildFile; fileRef = 0F304C272153AD0C001EC77E /* XMPPJabberRPCModule.m */; };
		0F304DC02153AD0E001EC77E /* XMPPIQ+JabberRPC.m in Sources */ = {isa = PBXBuildFile; fileRef = 0F304C282153AD0C001EC77E /* XMPPIQ+JabberRPC.m */; };
		0F304DC12153AD0E001EC77E /* XMPPIQ+JabberRPCResonse.m in Sources */ = {isa = PBXBuildFile; fileRef = 0F304C292153AD0C001EC77E /* XMPPIQ+JabberRPCResonse.m */; };
		0F304DC22153AD0E001EC77E /* XMPPvCardTempAdrTypes.m in Sources */ = {isa = PBXBuildFile; fileRef = 0F304C2E2153AD0C001EC77E /* XMPPvCardTempAdrTypes.m */; };
		0F304DC32153AD0E001EC77E /* XMPPvCardTempTel.m in Sources */ = {isa = PBXBuildFile; fileRef = 0F304C2F2153AD0C001EC77E /* XMPPvCardTempTel.m */; };
		0F304DC42153AD0E001EC77E /* XMPPvCardTempBase.m in Sources */ = {isa = PBXBuildFile; fileRef = 0F304C322153AD0C001EC77E /* XMPPvCardTempBase.m */; };
		0F304DC52153AD0E001EC77E /* XMPPvCardTempModule.m in Sources */ = {isa = PBXBuildFile; fileRef = 0F304C332153AD0C001EC77E /* XMPPvCardTempModule.m */; };
		0F304DC62153AD0E001EC77E /* XMPPvCardTemp.m in Sources */ = {isa = PBXBuildFile; fileRef = 0F304C342153AD0C001EC77E /* XMPPvCardTemp.m */; };
		0F304DC72153AD0E001EC77E /* XMPPvCardTempAdr.m in Sources */ = {isa = PBXBuildFile; fileRef = 0F304C352153AD0C001EC77E /* XMPPvCardTempAdr.m */; };
		0F304DC82153AD0E001EC77E /* XMPPvCard.xcdatamodeld in Sources */ = {isa = PBXBuildFile; fileRef = 0F304C372153AD0C001EC77E /* XMPPvCard.xcdatamodeld */; };
		0F304DC92153AD0E001EC77E /* XMPPvCardTempCoreDataStorageObject.m in Sources */ = {isa = PBXBuildFile; fileRef = 0F304C3C2153AD0C001EC77E /* XMPPvCardTempCoreDataStorageObject.m */; };
		0F304DCA2153AD0E001EC77E /* XMPPvCardAvatarCoreDataStorageObject.m in Sources */ = {isa = PBXBuildFile; fileRef = 0F304C3D2153AD0C001EC77E /* XMPPvCardAvatarCoreDataStorageObject.m */; };
		0F304DCB2153AD0E001EC77E /* XMPPvCardCoreDataStorage.m in Sources */ = {isa = PBXBuildFile; fileRef = 0F304C3E2153AD0C001EC77E /* XMPPvCardCoreDataStorage.m */; };
		0F304DCC2153AD0E001EC77E /* XMPPvCardCoreDataStorageObject.m in Sources */ = {isa = PBXBuildFile; fileRef = 0F304C3F2153AD0C001EC77E /* XMPPvCardCoreDataStorageObject.m */; };
		0F304DCD2153AD0E001EC77E /* XMPPvCardTempLabel.m in Sources */ = {isa = PBXBuildFile; fileRef = 0F304C412153AD0C001EC77E /* XMPPvCardTempLabel.m */; };
		0F304DCE2153AD0E001EC77E /* XMPPvCardTempEmail.m in Sources */ = {isa = PBXBuildFile; fileRef = 0F304C442153AD0D001EC77E /* XMPPvCardTempEmail.m */; };
		0F304DCF2153AD0E001EC77E /* TURNSocket.m in Sources */ = {isa = PBXBuildFile; fileRef = 0F304C482153AD0D001EC77E /* TURNSocket.m */; };
		0F304DD02153AD0E001EC77E /* XMPPOneToOneChat.m in Sources */ = {isa = PBXBuildFile; fileRef = 0F304C4A2153AD0D001EC77E /* XMPPOneToOneChat.m */; };
		0F304DD12153AD0E001EC77E /* XMPPAutoTime.m in Sources */ = {isa = PBXBuildFile; fileRef = 0F304C4D2153AD0D001EC77E /* XMPPAutoTime.m */; };
		0F304DD22153AD0E001EC77E /* XMPPTime.m in Sources */ = {isa = PBXBuildFile; fileRef = 0F304C4E2153AD0D001EC77E /* XMPPTime.m */; };
		0F304DD32153AD0E001EC77E /* XMPPMessage+XEP_0224.m in Sources */ = {isa = PBXBuildFile; fileRef = 0F304C532153AD0D001EC77E /* XMPPMessage+XEP_0224.m */; };
		0F304DD42153AD0E001EC77E /* XMPPAttentionModule.m in Sources */ = {isa = PBXBuildFile; fileRef = 0F304C552153AD0D001EC77E /* XMPPAttentionModule.m */; };
		0F304DD52153AD0E001EC77E /* XMPPPrivacy.m in Sources */ = {isa = PBXBuildFile; fileRef = 0F304C572153AD0D001EC77E /* XMPPPrivacy.m */; };
		0F304DD62153AD0E001EC77E /* XEP_0223.m in Sources */ = {isa = PBXBuildFile; fileRef = 0F304C5A2153AD0D001EC77E /* XEP_0223.m */; };
		0F304DD72153AD0E001EC77E /* XMPPMUC.m in Sources */ = {isa = PBXBuildFile; fileRef = 0F304C5D2153AD0D001EC77E /* XMPPMUC.m */; };
		0F304DD82153AD0E001EC77E /* XMPPRoom.m in Sources */ = {isa = PBXBuildFile; fileRef = 0F304C5E2153AD0D001EC77E /* XMPPRoom.m */; };
		0F304DD92153AD0E001EC77E /* XMPPMessage+XEP0045.m in Sources */ = {isa = PBXBuildFile; fileRef = 0F304C5F2153AD0D001EC77E /* XMPPMessage+XEP0045.m */; };
		0F304DDA2153AD0E001EC77E /* XMPPRoomMessageMemoryStorageObject.m in Sources */ = {isa = PBXBuildFile; fileRef = 0F304C612153AD0D001EC77E /* XMPPRoomMessageMemoryStorageObject.m */; };
		0F304DDB2153AD0E001EC77E /* XMPPRoomMemoryStorage.m in Sources */ = {isa = PBXBuildFile; fileRef = 0F304C622153AD0D001EC77E /* XMPPRoomMemoryStorage.m */; };
		0F304DDC2153AD0E001EC77E /* XMPPRoomOccupantMemoryStorageObject.m in Sources */ = {isa = PBXBuildFile; fileRef = 0F304C632153AD0D001EC77E /* XMPPRoomOccupantMemoryStorageObject.m */; };
		0F304DDD2153AD0E001EC77E /* XMPPRoomMessageHybridCoreDataStorageObject.m in Sources */ = {isa = PBXBuildFile; fileRef = 0F304C6D2153AD0D001EC77E /* XMPPRoomMessageHybridCoreDataStorageObject.m */; };
		0F304DDE2153AD0E001EC77E /* XMPPRoomHybrid.xcdatamodeld in Sources */ = {isa = PBXBuildFile; fileRef = 0F304C6E2153AD0D001EC77E /* XMPPRoomHybrid.xcdatamodeld */; };
		0F304DDF2153AD0E001EC77E /* XMPPRoomHybridStorage.m in Sources */ = {isa = PBXBuildFile; fileRef = 0F304C702153AD0D001EC77E /* XMPPRoomHybridStorage.m */; };
		0F304DE02153AD0E001EC77E /* XMPPRoomOccupantHybridMemoryStorageObject.m in Sources */ = {isa = PBXBuildFile; fileRef = 0F304C712153AD0D001EC77E /* XMPPRoomOccupantHybridMemoryStorageObject.m */; };
		0F304DE12153AD0E001EC77E /* XMPPRoom.xcdatamodeld in Sources */ = {isa = PBXBuildFile; fileRef = 0F304C742153AD0D001EC77E /* XMPPRoom.xcdatamodeld */; };
		0F304DE22153AD0E001EC77E /* XMPPRoomCoreDataStorage.m in Sources */ = {isa = PBXBuildFile; fileRef = 0F304C792153AD0D001EC77E /* XMPPRoomCoreDataStorage.m */; };
		0F304DE32153AD0E001EC77E /* XMPPRoomMessageCoreDataStorageObject.m in Sources */ = {isa = PBXBuildFile; fileRef = 0F304C7A2153AD0D001EC77E /* XMPPRoomMessageCoreDataStorageObject.m */; };
		0F304DE42153AD0E001EC77E /* XMPPRoomOccupantCoreDataStorageObject.m in Sources */ = {isa = PBXBuildFile; fileRef = 0F304C7B2153AD0D001EC77E /* XMPPRoomOccupantCoreDataStorageObject.m */; };
		0F304DE52153AD0E001EC77E /* XMPPGoogleSharedStatus.m in Sources */ = {isa = PBXBuildFile; fileRef = 0F304C812153AD0D001EC77E /* XMPPGoogleSharedStatus.m */; };
		0F304DE62153AD0E001EC77E /* NSXMLElement+XEP_0335.m in Sources */ = {isa = PBXBuildFile; fileRef = 0F304C842153AD0D001EC77E /* NSXMLElement+XEP_0335.m */; };
		0F304DE72153AD0E001EC77E /* XMPPTransports.m in Sources */ = {isa = PBXBuildFile; fileRef = 0F304C872153AD0D001EC77E /* XMPPTransports.m */; };
		0F304DE82153AD0E001EC77E /* XMPPMessageArchiving_Contact_CoreDataObject.m in Sources */ = {isa = PBXBuildFile; fileRef = 0F304C8D2153AD0D001EC77E /* XMPPMessageArchiving_Contact_CoreDataObject.m */; };
		0F304DE92153AD0E001EC77E /* XMPPMessageArchiving_Message_CoreDataObject.m in Sources */ = {isa = PBXBuildFile; fileRef = 0F304C8F2153AD0D001EC77E /* XMPPMessageArchiving_Message_CoreDataObject.m */; };
		0F304DEA2153AD0E001EC77E /* XMPPMessageArchiving.xcdatamodeld in Sources */ = {isa = PBXBuildFile; fileRef = 0F304C902153AD0D001EC77E /* XMPPMessageArchiving.xcdatamodeld */; };
		0F304DEB2153AD0E001EC77E /* XMPPMessageArchivingCoreDataStorage.m in Sources */ = {isa = PBXBuildFile; fileRef = 0F304C922153AD0D001EC77E /* XMPPMessageArchivingCoreDataStorage.m */; };
		0F304DEC2153AD0E001EC77E /* XMPPMessageArchiving.m in Sources */ = {isa = PBXBuildFile; fileRef = 0F304C942153AD0D001EC77E /* XMPPMessageArchiving.m */; };
		0F304DED2153AD0E001EC77E /* XMPPCoreDataStorage.m in Sources */ = {isa = PBXBuildFile; fileRef = 0F304C982153AD0D001EC77E /* XMPPCoreDataStorage.m */; };
		0F304DEE2153AD0E001EC77E /* XMPPIQ+XEP_0357.m in Sources */ = {isa = PBXBuildFile; fileRef = 0F304C9A2153AD0D001EC77E /* XMPPIQ+XEP_0357.m */; };
		0F304DEF2153AD0E001EC77E /* XMPPPushModule.m in Sources */ = {isa = PBXBuildFile; fileRef = 0F304C9B2153AD0D001EC77E /* XMPPPushModule.m */; };
		0F304DF02153AD0E001EC77E /* XMPPBlocking.m in Sources */ = {isa = PBXBuildFile; fileRef = 0F304C9F2153AD0D001EC77E /* XMPPBlocking.m */; };
		0F304DF12153AD0E001EC77E /* NSXMLElement+XEP_0359.m in Sources */ = {isa = PBXBuildFile; fileRef = 0F304CA32153AD0D001EC77E /* NSXMLElement+XEP_0359.m */; };
		0F304DF22153AD0E001EC77E /* XMPPCapabilities+XEP_0359.m in Sources */ = {isa = PBXBuildFile; fileRef = 0F304CA42153AD0D001EC77E /* XMPPCapabilities+XEP_0359.m */; };
		0F304DF32153AD0E001EC77E /* XMPPMessage+XEP_0359.m in Sources */ = {isa = PBXBuildFile; fileRef = 0F304CA72153AD0D001EC77E /* XMPPMessage+XEP_0359.m */; };
		0F304DF42153AD0E001EC77E /* XMPPStanzaIdModule.m in Sources */ = {isa = PBXBuildFile; fileRef = 0F304CA92153AD0D001EC77E /* XMPPStanzaIdModule.m */; };
		0F304DF52153AD0E001EC77E /* XMPPIncomingFileTransfer.m in Sources */ = {isa = PBXBuildFile; fileRef = 0F304CAB2153AD0D001EC77E /* XMPPIncomingFileTransfer.m */; };
		0F304DF62153AD0E001EC77E /* XMPPFileTransfer.m in Sources */ = {isa = PBXBuildFile; fileRef = 0F304CAD2153AD0D001EC77E /* XMPPFileTransfer.m */; };
		0F304DF72153AD0E001EC77E /* XMPPOutgoingFileTransfer.m in Sources */ = {isa = PBXBuildFile; fileRef = 0F304CB02153AD0D001EC77E /* XMPPOutgoingFileTransfer.m */; };
		0F304DF82153AD0E001EC77E /* XMPPStreamManagementMemoryStorage.m in Sources */ = {isa = PBXBuildFile; fileRef = 0F304CB42153AD0D001EC77E /* XMPPStreamManagementMemoryStorage.m */; };
		0F304DF92153AD0E001EC77E /* XMPPStreamManagement.m in Sources */ = {isa = PBXBuildFile; fileRef = 0F304CB52153AD0D001EC77E /* XMPPStreamManagement.m */; };
		0F304DFA2153AD0E001EC77E /* XMPPManagedMessaging.m in Sources */ = {isa = PBXBuildFile; fileRef = 0F304CB72153AD0D001EC77E /* XMPPManagedMessaging.m */; };
		0F304DFB2153AD0E001EC77E /* XMPPStreamManagementStanzas.m in Sources */ = {isa = PBXBuildFile; fileRef = 0F304CBA2153AD0D001EC77E /* XMPPStreamManagementStanzas.m */; };
		0F304DFC2153AD0E001EC77E /* XMPPvCardAvatarModule.m in Sources */ = {isa = PBXBuildFile; fileRef = 0F304CBF2153AD0D001EC77E /* XMPPvCardAvatarModule.m */; };
		0F304DFD2153AD0E001EC77E /* XMPPMessage+XEP_0333.m in Sources */ = {isa = PBXBuildFile; fileRef = 0F304CC12153AD0D001EC77E /* XMPPMessage+XEP_0333.m */; };
		0F304DFE2153AD0E001EC77E /* NSString+XEP_0106.m in Sources */ = {isa = PBXBuildFile; fileRef = 0F304CC52153AD0D001EC77E /* NSString+XEP_0106.m */; };
		0F304DFF2153AD0E001EC77E /* XMPPMessage+XEP_0334.m in Sources */ = {isa = PBXBuildFile; fileRef = 0F304CC72153AD0D001EC77E /* XMPPMessage+XEP_0334.m */; };
		0F304E002153AD0E001EC77E /* XMPPBandwidthMonitor.m in Sources */ = {isa = PBXBuildFile; fileRef = 0F304CCB2153AD0D001EC77E /* XMPPBandwidthMonitor.m */; };
		0F304E012153AD0E001EC77E /* XMPPPing.m in Sources */ = {isa = PBXBuildFile; fileRef = 0F304CCF2153AD0D001EC77E /* XMPPPing.m */; };
		0F304E022153AD0E001EC77E /* XMPPAutoPing.m in Sources */ = {isa = PBXBuildFile; fileRef = 0F304CD02153AD0D001EC77E /* XMPPAutoPing.m */; };
		0F304E032153AD0E001EC77E /* XMPPIQ+OMEMO.m in Sources */ = {isa = PBXBuildFile; fileRef = 0F304CD22153AD0D001EC77E /* XMPPIQ+OMEMO.m */; };
		0F304E042153AD0E001EC77E /* OMEMOKeyData.m in Sources */ = {isa = PBXBuildFile; fileRef = 0F304CD32153AD0D001EC77E /* OMEMOKeyData.m */; };
		0F304E052153AD0E001EC77E /* OMEMOPreKey.m in Sources */ = {isa = PBXBuildFile; fileRef = 0F304CD62153AD0D001EC77E /* OMEMOPreKey.m */; };
		0F304E062153AD0E001EC77E /* OMEMOBundle.m in Sources */ = {isa = PBXBuildFile; fileRef = 0F304CD72153AD0D001EC77E /* OMEMOBundle.m */; };
		0F304E072153AD0E001EC77E /* XMPPMessage+OMEMO.m in Sources */ = {isa = PBXBuildFile; fileRef = 0F304CDC2153AD0D001EC77E /* XMPPMessage+OMEMO.m */; };
		0F304E082153AD0E001EC77E /* OMEMOSignedPreKey.m in Sources */ = {isa = PBXBuildFile; fileRef = 0F304CDD2153AD0D001EC77E /* OMEMOSignedPreKey.m */; };
		0F304E092153AD0E001EC77E /* NSXMLElement+OMEMO.m in Sources */ = {isa = PBXBuildFile; fileRef = 0F304CDF2153AD0D001EC77E /* NSXMLElement+OMEMO.m */; };
		0F304E0A2153AD0E001EC77E /* OMEMOModule.m in Sources */ = {isa = PBXBuildFile; fileRef = 0F304CE12153AD0D001EC77E /* OMEMOModule.m */; };
		0F304E0B2153AD0E001EC77E /* XMPPMessageDeliveryReceipts.m in Sources */ = {isa = PBXBuildFile; fileRef = 0F304CE32153AD0D001EC77E /* XMPPMessageDeliveryReceipts.m */; };
		0F304E0C2153AD0E001EC77E /* XMPPMessage+XEP_0184.m in Sources */ = {isa = PBXBuildFile; fileRef = 0F304CE42153AD0D001EC77E /* XMPPMessage+XEP_0184.m */; };
		0F304E0D2153AD0E001EC77E /* XMPPCapabilities.m in Sources */ = {isa = PBXBuildFile; fileRef = 0F304CE82153AD0D001EC77E /* XMPPCapabilities.m */; };
		0F304E0E2153AD0E001EC77E /* XMPPCapsResourceCoreDataStorageObject.m in Sources */ = {isa = PBXBuildFile; fileRef = 0F304CEB2153AD0D001EC77E /* XMPPCapsResourceCoreDataStorageObject.m */; };
		0F304E0F2153AD0E001EC77E /* XMPPCapabilitiesCoreDataStorage.m in Sources */ = {isa = PBXBuildFile; fileRef = 0F304CEE2153AD0D001EC77E /* XMPPCapabilitiesCoreDataStorage.m */; };
		0F304E102153AD0E001EC77E /* XMPPCapsCoreDataStorageObject.m in Sources */ = {isa = PBXBuildFile; fileRef = 0F304CEF2153AD0D001EC77E /* XMPPCapsCoreDataStorageObject.m */; };
		0F304E112153AD0E001EC77E /* XMPPURI.m in Sources */ = {isa = PBXBuildFile; fileRef = 0F304CF22153AD0D001EC77E /* XMPPURI.m */; };
		0F304E122153AD0E001EC77E /* XMPPRoomLight.m in Sources */ = {isa = PBXBuildFile; fileRef = 0F304CF62153AD0D001EC77E /* XMPPRoomLight.m */; };
		0F304E132153AD0E001EC77E /* XMPPRoomLightMessageCoreDataStorageObject.m in Sources */ = {isa = PBXBuildFile; fileRef = 0F304CFB2153AD0D001EC77E /* XMPPRoomLightMessageCoreDataStorageObject.m */; };
		0F304E142153AD0E001EC77E /* XMPPRoomLightCoreDataStorage.m in Sources */ = {isa = PBXBuildFile; fileRef = 0F304CFC2153AD0D001EC77E /* XMPPRoomLightCoreDataStorage.m */; };
		0F304E152153AD0E001EC77E /* XMPPMUCLight.m in Sources */ = {isa = PBXBuildFile; fileRef = 0F304CFD2153AD0D001EC77E /* XMPPMUCLight.m */; };
		0F304E162153AD0E001EC77E /* XMPPIQ+XEP_0066.m in Sources */ = {isa = PBXBuildFile; fileRef = 0F304D012153AD0D001EC77E /* XMPPIQ+XEP_0066.m */; };
		0F304E172153AD0E001EC77E /* XMPPMessage+XEP_0066.m in Sources */ = {isa = PBXBuildFile; fileRef = 0F304D032153AD0D001EC77E /* XMPPMessage+XEP_0066.m */; };
		0F304E182153AD0E001EC77E /* XMPPOutOfBandResourceMessaging.m in Sources */ = {isa = PBXBuildFile; fileRef = 0F304D052153AD0D001EC77E /* XMPPOutOfBandResourceMessaging.m */; };
		0F304E192153AD0E001EC77E /* XMPPSoftwareVersion.m in Sources */ = {isa = PBXBuildFile; fileRef = 0F304D072153AD0D001EC77E /* XMPPSoftwareVersion.m */; };
		0F304E1A2153AD0E001EC77E /* NSXMLElement+XEP_0059.m in Sources */ = {isa = PBXBuildFile; fileRef = 0F304D0A2153AD0D001EC77E /* NSXMLElement+XEP_0059.m */; };
		0F304E1B2153AD0E001EC77E /* XMPPResultSet.m in Sources */ = {isa = PBXBuildFile; fileRef = 0F304D0B2153AD0D001EC77E /* XMPPResultSet.m */; };
		0F304E1C2153AD0E001EC77E /* XMPPPubSub.m in Sources */ = {isa = PBXBuildFile; fileRef = 0F304D0F2153AD0D001EC77E /* XMPPPubSub.m */; };
		0F304E1D2153AD0E001EC77E /* XMPPIQ+XEP_0060.m in Sources */ = {isa = PBXBuildFile; fileRef = 0F304D122153AD0D001EC77E /* XMPPIQ+XEP_0060.m */; };
		0F304E1E2153AD0E001EC77E /* NSXMLElement+XEP_0297.m in Sources */ = {isa = PBXBuildFile; fileRef = 0F304D152153AD0D001EC77E /* NSXMLElement+XEP_0297.m */; };
		0F304E202153AD0E001EC77E /* XMPPStringPrep.m in Sources */ = {isa = PBXBuildFile; fileRef = 0F304D182153AD0D001EC77E /* XMPPStringPrep.m */; };
		0F304E212153AD0E001EC77E /* XMPPSRVResolver.m in Sources */ = {isa = PBXBuildFile; fileRef = 0F304D192153AD0D001EC77E /* XMPPSRVResolver.m */; };
		0F304E222153AD0E001EC77E /* XMPPTimer.m in Sources */ = {isa = PBXBuildFile; fileRef = 0F304D1A2153AD0D001EC77E /* XMPPTimer.m */; };
		0F304E232153AD0E001EC77E /* XMPPIDTracker.m in Sources */ = {isa = PBXBuildFile; fileRef = 0F304D202153AD0D001EC77E /* XMPPIDTracker.m */; };
		0F304E242153AD0E001EC77E /* DDList.m in Sources */ = {isa = PBXBuildFile; fileRef = 0F304D232153AD0D001EC77E /* DDList.m */; };
		0F304E252153AD0E001EC77E /* RFImageToDataTransformer.m in Sources */ = {isa = PBXBuildFile; fileRef = 0F304D242153AD0D001EC77E /* RFImageToDataTransformer.m */; };
		0F304E262153AD0E001EC77E /* GCDMulticastDelegate.m in Sources */ = {isa = PBXBuildFile; fileRef = 0F304D252153AD0D001EC77E /* GCDMulticastDelegate.m */; };
		0F304E272153AD0E001EC77E /* NSNumber+XMPP.m in Sources */ = {isa = PBXBuildFile; fileRef = 0F304D292153AD0D001EC77E /* NSNumber+XMPP.m */; };
		0F304E282153AD0E001EC77E /* NSXMLElement+XMPP.m in Sources */ = {isa = PBXBuildFile; fileRef = 0F304D2A2153AD0D001EC77E /* NSXMLElement+XMPP.m */; };
		0F304E292153AD0E001EC77E /* NSData+XMPP.m in Sources */ = {isa = PBXBuildFile; fileRef = 0F304D2B2153AD0D001EC77E /* NSData+XMPP.m */; };
		0F304E2A2153AD0E001EC77E /* XMPPAnonymousAuthentication.m in Sources */ = {isa = PBXBuildFile; fileRef = 0F304D2F2153AD0D001EC77E /* XMPPAnonymousAuthentication.m */; };
		0F304E2B2153AD0E001EC77E /* XMPPPlainAuthentication.m in Sources */ = {isa = PBXBuildFile; fileRef = 0F304D322153AD0D001EC77E /* XMPPPlainAuthentication.m */; };
		0F304E2C2153AD0E001EC77E /* XMPPDigestMD5Authentication.m in Sources */ = {isa = PBXBuildFile; fileRef = 0F304D362153AD0D001EC77E /* XMPPDigestMD5Authentication.m */; };
		0F304E2D2153AD0E001EC77E /* XMPPSCRAMSHA1Authentication.m in Sources */ = {isa = PBXBuildFile; fileRef = 0F304D382153AD0D001EC77E /* XMPPSCRAMSHA1Authentication.m */; };
		0F304E2E2153AD0E001EC77E /* XMPPDeprecatedDigestAuthentication.m in Sources */ = {isa = PBXBuildFile; fileRef = 0F304D3B2153AD0D001EC77E /* XMPPDeprecatedDigestAuthentication.m */; };
		0F304E2F2153AD0E001EC77E /* XMPPDeprecatedPlainAuthentication.m in Sources */ = {isa = PBXBuildFile; fileRef = 0F304D402153AD0D001EC77E /* XMPPDeprecatedPlainAuthentication.m */; };
		0F304E302153AD0E001EC77E /* XMPPXOAuth2Google.m in Sources */ = {isa = PBXBuildFile; fileRef = 0F304D422153AD0D001EC77E /* XMPPXOAuth2Google.m */; };
		0F304E312153AD0E001EC77E /* DDTTYLogger.m in Sources */ = {isa = PBXBuildFile; fileRef = 0F304D4A2153AD0D001EC77E /* DDTTYLogger.m */; };
		0F304E322153AD0E001EC77E /* DDOSLogger.m in Sources */ = {isa = PBXBuildFile; fileRef = 0F304D4D2153AD0D001EC77E /* DDOSLogger.m */; };
		0F304E332153AD0E001EC77E /* DDASLLogger.m in Sources */ = {isa = PBXBuildFile; fileRef = 0F304D512153AD0D001EC77E /* DDASLLogger.m */; };
		0F304E352153AD0E001EC77E /* DDContextFilterLogFormatter.m in Sources */ = {isa = PBXBuildFile; fileRef = 0F304D552153AD0D001EC77E /* DDContextFilterLogFormatter.m */; };
		0F304E362153AD0E001EC77E /* DDDispatchQueueLogFormatter.m in Sources */ = {isa = PBXBuildFile; fileRef = 0F304D562153AD0D001EC77E /* DDDispatchQueueLogFormatter.m */; };
		0F304E372153AD0E001EC77E /* DDMultiFormatter.m in Sources */ = {isa = PBXBuildFile; fileRef = 0F304D592153AD0D001EC77E /* DDMultiFormatter.m */; };
		0F304E382153AD0E001EC77E /* DDLog.m in Sources */ = {isa = PBXBuildFile; fileRef = 0F304D5B2153AD0D001EC77E /* DDLog.m */; };
		0F304E392153AD0E001EC77E /* DDAbstractDatabaseLogger.m in Sources */ = {isa = PBXBuildFile; fileRef = 0F304D612153AD0D001EC77E /* DDAbstractDatabaseLogger.m */; };
		0F304E3A2153AD0E001EC77E /* DDFileLogger.m in Sources */ = {isa = PBXBuildFile; fileRef = 0F304D622153AD0D001EC77E /* DDFileLogger.m */; };
		0F304E3B2153AD0E001EC77E /* DDASLLogCapture.m in Sources */ = {isa = PBXBuildFile; fileRef = 0F304D642153AD0D001EC77E /* DDASLLogCapture.m */; };
		0F304E3E2153AD0E001EC77E /* GCDAsyncUdpSocket.m in Sources */ = {isa = PBXBuildFile; fileRef = 0F304D6A2153AD0D001EC77E /* GCDAsyncUdpSocket.m */; };
		0F304E3F2153AD0E001EC77E /* GCDAsyncSocket.m in Sources */ = {isa = PBXBuildFile; fileRef = 0F304D6B2153AD0D001EC77E /* GCDAsyncSocket.m */; };
		0F304E432153AD0E001EC77E /* NSString+IDN.m in Sources */ = {isa = PBXBuildFile; fileRef = 0F304D732153AD0D001EC77E /* NSString+IDN.m */; };
		0F304E452153AD0E001EC77E /* profiles.c in Sources */ = {isa = PBXBuildFile; fileRef = 0F304D7A2153AD0D001EC77E /* profiles.c */; };
		0F304E462153AD0E001EC77E /* rfc3454.c in Sources */ = {isa = PBXBuildFile; fileRef = 0F304D7B2153AD0D001EC77E /* rfc3454.c */; };
		0F304E472153AD0E001EC77E /* stringprep.c in Sources */ = {isa = PBXBuildFile; fileRef = 0F304D7E2153AD0D001EC77E /* stringprep.c */; };
		0F304E482153AD0E001EC77E /* nfkc.c in Sources */ = {isa = PBXBuildFile; fileRef = 0F304D7F2153AD0D001EC77E /* nfkc.c */; };
		0F304E492153AD0E001EC77E /* u8-check.c in Sources */ = {isa = PBXBuildFile; fileRef = 0F304D802153AD0D001EC77E /* u8-check.c */; };
		0F304E4B2153AD0E001EC77E /* DDXMLElement.m in Sources */ = {isa = PBXBuildFile; fileRef = 0F304D862153AD0D001EC77E /* DDXMLElement.m */; };
		0F304E4C2153AD0E001EC77E /* DDXMLElementAdditions.m in Sources */ = {isa = PBXBuildFile; fileRef = 0F304D8A2153AD0D001EC77E /* DDXMLElementAdditions.m */; };
		0F304E4D2153AD0E001EC77E /* DDXMLNode.m in Sources */ = {isa = PBXBuildFile; fileRef = 0F304D8B2153AD0D001EC77E /* DDXMLNode.m */; };
		0F304E4E2153AD0E001EC77E /* DDXMLDocument.m in Sources */ = {isa = PBXBuildFile; fileRef = 0F304D8C2153AD0D001EC77E /* DDXMLDocument.m */; };
		0F304E4F2153AD0E001EC77E /* NSString+DDXML.m in Sources */ = {isa = PBXBuildFile; fileRef = 0F304D922153AD0D001EC77E /* NSString+DDXML.m */; };
		0F304E542153AF00001EC77E /* libidn.a in Frameworks */ = {isa = PBXBuildFile; fileRef = 0F304E532153AF00001EC77E /* libidn.a */; };
		0F30AA8820B2ADDB001CC39C /* WH_JXSetChatTextFont_WHVC.m in Sources */ = {isa = PBXBuildFile; fileRef = 0F30AA8720B2ADDB001CC39C /* WH_JXSetChatTextFont_WHVC.m */; };
		0F43A61C20E0ED0900AE2EE5 /* WH_JXSearchChatLog_WHVC.m in Sources */ = {isa = PBXBuildFile; fileRef = 0F43A61B20E0ED0900AE2EE5 /* WH_JXSearchChatLog_WHVC.m */; };
		0F4FBAAE21C78088001CCEFC /* WH_JXSelectMusicModel.m in Sources */ = {isa = PBXBuildFile; fileRef = 0F4FBAAD21C78088001CCEFC /* WH_JXSelectMusicModel.m */; };
		0F52C674222D18B3008823D9 /* JXWebAuthView.m in Sources */ = {isa = PBXBuildFile; fileRef = 0F52C673222D18B3008823D9 /* JXWebAuthView.m */; };
		0F5802291EFA6232002CFF5D /* WH_JXTipBlackView.m in Sources */ = {isa = PBXBuildFile; fileRef = 0F5802281EFA6232002CFF5D /* WH_JXTipBlackView.m */; };
		0F5C92931E4DA17A005C31C2 /* WH_input_more_normal@2x.png in Resources */ = {isa = PBXBuildFile; fileRef = 0F5C92911E4DA17A005C31C2 /* WH_input_more_normal@2x.png */; };
		0F5C92941E4DA17A005C31C2 /* WH_input_more_normal@3x.png in Resources */ = {isa = PBXBuildFile; fileRef = 0F5C92921E4DA17A005C31C2 /* WH_input_more_normal@3x.png */; };
		0F5C92971E4DA252005C31C2 /* WH_input_ptt_normal@2x.png in Resources */ = {isa = PBXBuildFile; fileRef = 0F5C92951E4DA252005C31C2 /* WH_input_ptt_normal@2x.png */; };
		0F5C92981E4DA252005C31C2 /* WH_input_ptt_normal@3x.png in Resources */ = {isa = PBXBuildFile; fileRef = 0F5C92961E4DA252005C31C2 /* WH_input_ptt_normal@3x.png */; };
		0F5C929F1E4DA2A7005C31C2 /* im_input_expression_normal@2x.png in Resources */ = {isa = PBXBuildFile; fileRef = 0F5C929D1E4DA2A7005C31C2 /* im_input_expression_normal@2x.png */; };
		0F5C92A01E4DA2A7005C31C2 /* im_input_expression_normal@3x.png in Resources */ = {isa = PBXBuildFile; fileRef = 0F5C929E1E4DA2A7005C31C2 /* im_input_expression_normal@3x.png */; };
		0F5C92B31E4DA5CB005C31C2 /* im_video_button_normal@2x.png in Resources */ = {isa = PBXBuildFile; fileRef = 0F5C92B11E4DA5CB005C31C2 /* im_video_button_normal@2x.png */; };
		0F5C92B41E4DA5CB005C31C2 /* im_video_button_normal@3x.png in Resources */ = {isa = PBXBuildFile; fileRef = 0F5C92B21E4DA5CB005C31C2 /* im_video_button_normal@3x.png */; };
		0F5C92B71E4DA627005C31C2 /* im_video_button_press@2x.png in Resources */ = {isa = PBXBuildFile; fileRef = 0F5C92B51E4DA627005C31C2 /* im_video_button_press@2x.png */; };
		0F5C92B81E4DA627005C31C2 /* im_video_button_press@3x.png in Resources */ = {isa = PBXBuildFile; fileRef = 0F5C92B61E4DA627005C31C2 /* im_video_button_press@3x.png */; };
		0F5C92EE1E4DD312005C31C2 /* title_button_left.png in Resources */ = {isa = PBXBuildFile; fileRef = 0F5C92ED1E4DD312005C31C2 /* title_button_left.png */; };
		0F5C92F01E4DD328005C31C2 /* title_button_left_press.png in Resources */ = {isa = PBXBuildFile; fileRef = 0F5C92EF1E4DD328005C31C2 /* title_button_left_press.png */; };
		0F5C92F21E4DD33C005C31C2 /* title_button_middle.png in Resources */ = {isa = PBXBuildFile; fileRef = 0F5C92F11E4DD33C005C31C2 /* title_button_middle.png */; };
		0F5C92F41E4DD34D005C31C2 /* title_button_middle_press.png in Resources */ = {isa = PBXBuildFile; fileRef = 0F5C92F31E4DD34D005C31C2 /* title_button_middle_press.png */; };
		0F5C92F61E4DD35F005C31C2 /* title_button_right.png in Resources */ = {isa = PBXBuildFile; fileRef = 0F5C92F51E4DD35F005C31C2 /* title_button_right.png */; };
		0F5C92F81E4DD371005C31C2 /* title_button_right_press.png in Resources */ = {isa = PBXBuildFile; fileRef = 0F5C92F71E4DD371005C31C2 /* title_button_right_press.png */; };
		0F6143052251EC2F00F0A0B1 /* WH_JXCommonInputWHVC.m in Sources */ = {isa = PBXBuildFile; fileRef = 0F6143042251EC2F00F0A0B1 /* WH_JXCommonInputWHVC.m */; };
		0F6143082252080500F0A0B1 /* WH_JXSearchGroup_WHVC.m in Sources */ = {isa = PBXBuildFile; fileRef = 0F6143072252080500F0A0B1 /* WH_JXSearchGroup_WHVC.m */; };
		0F618F181FE3B2B500333249 /* WH_JXShareList_WHVC.m in Sources */ = {isa = PBXBuildFile; fileRef = 0F618F171FE3B2B500333249 /* WH_JXShareList_WHVC.m */; };
		0F618F1B1FE3B3A000333249 /* WH_JXShareModel.m in Sources */ = {isa = PBXBuildFile; fileRef = 0F618F1A1FE3B3A000333249 /* WH_JXShareModel.m */; };
		0F618F1E1FE3BB0500333249 /* WH_JXShareManager.m in Sources */ = {isa = PBXBuildFile; fileRef = 0F618F1D1FE3BB0500333249 /* WH_JXShareManager.m */; };
		0F649460228A615E00CF650B /* WH_JXDidPushObj.m in Sources */ = {isa = PBXBuildFile; fileRef = 0F64945F228A615E00CF650B /* WH_JXDidPushObj.m */; };
		0F64EED020EDF6D600E1B8D2 /* WH_JXMergeRelay_WHCell.m in Sources */ = {isa = PBXBuildFile; fileRef = 0F64EECF20EDF6D600E1B8D2 /* WH_JXMergeRelay_WHCell.m */; };
		0F64EED320EE14ED00E1B8D2 /* WH_JXChatLog_WHVC.m in Sources */ = {isa = PBXBuildFile; fileRef = 0F64EED220EE14ED00E1B8D2 /* WH_JXChatLog_WHVC.m */; };
		0F6B83121FD0FD4500C4EC10 /* JXNavigation.m in Sources */ = {isa = PBXBuildFile; fileRef = 0F6B83111FD0FD4500C4EC10 /* JXNavigation.m */; };
		0F6D75661FDA404D003CD7A2 /* WH_JXSetChatBackground_WHVC.m in Sources */ = {isa = PBXBuildFile; fileRef = 0F6D75651FDA404D003CD7A2 /* WH_JXSetChatBackground_WHVC.m */; };
		0F745D96225B3061009FFEAD /* WH_JXSearchFileLog_WHVC.m in Sources */ = {isa = PBXBuildFile; fileRef = 0F745D95225B3061009FFEAD /* WH_JXSearchFileLog_WHVC.m */; };
		0F745D99225B35FD009FFEAD /* WH_JXSearchFileLog_WHCell.m in Sources */ = {isa = PBXBuildFile; fileRef = 0F745D98225B35FD009FFEAD /* WH_JXSearchFileLog_WHCell.m */; };
		0F751F2A21B536E9004D340A /* WH_JXRecordVideo_WHVC.m in Sources */ = {isa = PBXBuildFile; fileRef = 0F751F2921B536E9004D340A /* WH_JXRecordVideo_WHVC.m */; };
		0F7A5177218D8DE600B4AB31 /* WH_JXShare_WHCell.m in Sources */ = {isa = PBXBuildFile; fileRef = 0F7A5176218D8DE600B4AB31 /* WH_JXShare_WHCell.m */; };
		0F7AF26820B40C060033C8AE /* JXMultipleLogin.m in Sources */ = {isa = PBXBuildFile; fileRef = 0F7AF26720B40C060033C8AE /* JXMultipleLogin.m */; };
		0F8027E51F0B373A00AB0133 /* JXBlogRemindVC.m in Sources */ = {isa = PBXBuildFile; fileRef = 0F8027E41F0B373A00AB0133 /* JXBlogRemindVC.m */; };
		0F8027E81F0B3BB500AB0133 /* JXBlogRemindCell.m in Sources */ = {isa = PBXBuildFile; fileRef = 0F8027E71F0B3BB500AB0133 /* JXBlogRemindCell.m */; };
		0F84AA2521B68381004C6C54 /* WH_JXSelectMusic_WHVC.m in Sources */ = {isa = PBXBuildFile; fileRef = 0F84AA2421B68381004C6C54 /* WH_JXSelectMusic_WHVC.m */; };
		0F8672F1228D5E8100FBDC25 /* WH_JXSkPay_WHVC.m in Sources */ = {isa = PBXBuildFile; fileRef = 0F8672F0228D5E8100FBDC25 /* WH_JXSkPay_WHVC.m */; };
		0F86DE191F99A67100B4FC8D /* WH_JXCourseList_WHVC.m in Sources */ = {isa = PBXBuildFile; fileRef = 0F86DE181F99A67100B4FC8D /* WH_JXCourseList_WHVC.m */; };
		0F86DE1D1F99AE8700B4FC8D /* WH_JXCourseList_WHCell.m in Sources */ = {isa = PBXBuildFile; fileRef = 0F86DE1C1F99AE8700B4FC8D /* WH_JXCourseList_WHCell.m */; };
		0F8921EE20E1CCCF0030E744 /* WH_JXSetLabel_WHVC.m in Sources */ = {isa = PBXBuildFile; fileRef = 0F8921ED20E1CCCF0030E744 /* WH_JXSetLabel_WHVC.m */; };
		0F8A75CF21B8FC9800B0559A /* WH_EditAudioVideo.m in Sources */ = {isa = PBXBuildFile; fileRef = 0F8A75CE21B8FC9800B0559A /* WH_EditAudioVideo.m */; };
		0F8B0F4320BD59D0002D30B1 /* WH_JXVerifyDetail_WHVC.m in Sources */ = {isa = PBXBuildFile; fileRef = 0F8B0F4220BD59D0002D30B1 /* WH_JXVerifyDetail_WHVC.m */; };
		0F8EF3CE1F6A79F100EC3C63 /* WH_Favorites_WHVC.m in Sources */ = {isa = PBXBuildFile; fileRef = 0F8EF3CD1F6A79F100EC3C63 /* WH_Favorites_WHVC.m */; };
		0F8F58EA1F96F595004B1EEA /* MKAnnotationView+WebCache.m in Sources */ = {isa = PBXBuildFile; fileRef = 0F8F58C51F96F595004B1EEA /* MKAnnotationView+WebCache.m */; };
		0F8F58EC1F96F595004B1EEA /* NSData+ImageContentType.m in Sources */ = {isa = PBXBuildFile; fileRef = 0F8F58C71F96F595004B1EEA /* NSData+ImageContentType.m */; };
		0F8F58EE1F96F595004B1EEA /* NSImage+WebCache.m in Sources */ = {isa = PBXBuildFile; fileRef = 0F8F58C91F96F595004B1EEA /* NSImage+WebCache.m */; };
		0F8F58F01F96F595004B1EEA /* SDImageCache.m in Sources */ = {isa = PBXBuildFile; fileRef = 0F8F58CB1F96F595004B1EEA /* SDImageCache.m */; };
		0F8F58F21F96F595004B1EEA /* SDImageCacheConfig.m in Sources */ = {isa = PBXBuildFile; fileRef = 0F8F58CC1F96F595004B1EEA /* SDImageCacheConfig.m */; };
		0F8F58F41F96F595004B1EEA /* SDWebImageCompat.m in Sources */ = {isa = PBXBuildFile; fileRef = 0F8F58CE1F96F595004B1EEA /* SDWebImageCompat.m */; };
		0F8F58F61F96F595004B1EEA /* SDWebImageDecoder.m in Sources */ = {isa = PBXBuildFile; fileRef = 0F8F58D01F96F595004B1EEA /* SDWebImageDecoder.m */; };
		0F8F58F81F96F595004B1EEA /* SDWebImageDownloader.m in Sources */ = {isa = PBXBuildFile; fileRef = 0F8F58D21F96F595004B1EEA /* SDWebImageDownloader.m */; };
		0F8F58FA1F96F595004B1EEA /* SDWebImageDownloaderOperation.m in Sources */ = {isa = PBXBuildFile; fileRef = 0F8F58D41F96F595004B1EEA /* SDWebImageDownloaderOperation.m */; };
		0F8F58FC1F96F595004B1EEA /* SDWebImageManager.m in Sources */ = {isa = PBXBuildFile; fileRef = 0F8F58D61F96F595004B1EEA /* SDWebImageManager.m */; };
		0F8F58FE1F96F595004B1EEA /* SDWebImagePrefetcher.m in Sources */ = {isa = PBXBuildFile; fileRef = 0F8F58D91F96F595004B1EEA /* SDWebImagePrefetcher.m */; };
		0F8F59001F96F595004B1EEA /* UIButton+WebCache.m in Sources */ = {isa = PBXBuildFile; fileRef = 0F8F58DB1F96F595004B1EEA /* UIButton+WebCache.m */; };
		0F8F59021F96F595004B1EEA /* UIImage+GIF.m in Sources */ = {isa = PBXBuildFile; fileRef = 0F8F58DD1F96F595004B1EEA /* UIImage+GIF.m */; };
		0F8F59041F96F595004B1EEA /* UIImage+MultiFormat.m in Sources */ = {isa = PBXBuildFile; fileRef = 0F8F58DF1F96F595004B1EEA /* UIImage+MultiFormat.m */; };
		0F8F59061F96F595004B1EEA /* UIImage+WebP.m in Sources */ = {isa = PBXBuildFile; fileRef = 0F8F58E11F96F595004B1EEA /* UIImage+WebP.m */; };
		0F8F59081F96F596004B1EEA /* UIImageView+HighlightedWebCache.m in Sources */ = {isa = PBXBuildFile; fileRef = 0F8F58E31F96F595004B1EEA /* UIImageView+HighlightedWebCache.m */; };
		0F8F590A1F96F596004B1EEA /* UIImageView+WebCache.m in Sources */ = {isa = PBXBuildFile; fileRef = 0F8F58E51F96F595004B1EEA /* UIImageView+WebCache.m */; };
		0F8F590C1F96F596004B1EEA /* UIView+WebCache.m in Sources */ = {isa = PBXBuildFile; fileRef = 0F8F58E71F96F595004B1EEA /* UIView+WebCache.m */; };
		0F8F590E1F96F596004B1EEA /* UIView+WebCacheOperation.m in Sources */ = {isa = PBXBuildFile; fileRef = 0F8F58E91F96F595004B1EEA /* UIView+WebCacheOperation.m */; };
		0F90B4D820BE88E700641160 /* WH_JXShake_WHCell.m in Sources */ = {isa = PBXBuildFile; fileRef = 0F90B4D720BE88E700641160 /* WH_JXShake_WHCell.m */; };
		0F91A94C1FB42B6E0037443E /* WH_JXCommonService.m in Sources */ = {isa = PBXBuildFile; fileRef = 0F91A94B1FB42B6E0037443E /* WH_JXCommonService.m */; };
		0F93E7882086E04E00D4591A /* WH_JXSearchUserList_WHVC.m in Sources */ = {isa = PBXBuildFile; fileRef = 0F93E7872086E04E00D4591A /* WH_JXSearchUserList_WHVC.m */; };
		0F9605C5218AFA5B00F7D098 /* JXShareManage.m in Sources */ = {isa = PBXBuildFile; fileRef = 0F9605C4218AFA5B00F7D098 /* JXShareManage.m */; };
		0F9722DD218BFDDB00613C2E /* WH_JXAuth_WHViewController.m in Sources */ = {isa = PBXBuildFile; fileRef = 0F9722DC218BFDDB00613C2E /* WH_JXAuth_WHViewController.m */; };
		0F995F4522618EE700FD93E9 /* prohibit.png in Resources */ = {isa = PBXBuildFile; fileRef = 0F995F4322618EE700FD93E9 /* prohibit.png */; };
		0F995F4622618EE700FD93E9 /* prohibit.html in Resources */ = {isa = PBXBuildFile; fileRef = 0F995F4422618EE700FD93E9 /* prohibit.html */; };
		0F9E0D031F024D1B00E02FB6 /* WH_JXRelay_WHVC.m in Sources */ = {isa = PBXBuildFile; fileRef = 0F9E0D021F024D1B00E02FB6 /* WH_JXRelay_WHVC.m */; };
		0F9ED08520C681250099AA99 /* WH_JXRedPacketList_WHVC.m in Sources */ = {isa = PBXBuildFile; fileRef = 0F9ED08420C681250099AA99 /* WH_JXRedPacketList_WHVC.m */; };
		0F9F3B9620DB31E60029353A /* WH_JXLabelObject.m in Sources */ = {isa = PBXBuildFile; fileRef = 0F9F3B9520DB31E60029353A /* WH_JXLabelObject.m */; };
		0F9F3B9920DB37330029353A /* WH_JXLabel_WHVC.m in Sources */ = {isa = PBXBuildFile; fileRef = 0F9F3B9820DB37330029353A /* WH_JXLabel_WHVC.m */; };
		0F9F3B9C20DB4AFC0029353A /* WH_JXNewLabel_WHVC.m in Sources */ = {isa = PBXBuildFile; fileRef = 0F9F3B9B20DB4AFC0029353A /* WH_JXNewLabel_WHVC.m */; };
		0FA000182100B02100CF1503 /* WH_JXSelectLabels_WHVC.m in Sources */ = {isa = PBXBuildFile; fileRef = 0FA000172100B02100CF1503 /* WH_JXSelectLabels_WHVC.m */; };
		0FA0D7FC1F5ABB890017D522 /* WH_JXReadList_WHVC.m in Sources */ = {isa = PBXBuildFile; fileRef = 0FA0D7FB1F5ABB890017D522 /* WH_JXReadList_WHVC.m */; };
		0FA0D8001F5ABD350017D522 /* WH_JXReadList_WHCell.m in Sources */ = {isa = PBXBuildFile; fileRef = 0FA0D7FF1F5ABD350017D522 /* WH_JXReadList_WHCell.m */; };
		0FA2D4181FB0197100D51BB9 /* WH_JXCamera_WHVC.m in Sources */ = {isa = PBXBuildFile; fileRef = 0FA2D4171FB0197100D51BB9 /* WH_JXCamera_WHVC.m */; };
		0FA2D56F1FB05CCC00D51BB9 /* lookup.png in Resources */ = {isa = PBXBuildFile; fileRef = 0FA2D41D1FB05CCB00D51BB9 /* lookup.png */; };
		0FA2D5711FB05CCC00D51BB9 /* lookup_amatorka.png in Resources */ = {isa = PBXBuildFile; fileRef = 0FA2D41E1FB05CCB00D51BB9 /* lookup_amatorka.png */; };
		0FA2D5731FB05CCC00D51BB9 /* lookup_miss_etikate.png in Resources */ = {isa = PBXBuildFile; fileRef = 0FA2D41F1FB05CCB00D51BB9 /* lookup_miss_etikate.png */; };
		0FA2D5751FB05CCC00D51BB9 /* lookup_soft_elegance_1.png in Resources */ = {isa = PBXBuildFile; fileRef = 0FA2D4201FB05CCB00D51BB9 /* lookup_soft_elegance_1.png */; };
		0FA2D5771FB05CCC00D51BB9 /* lookup_soft_elegance_2.png in Resources */ = {isa = PBXBuildFile; fileRef = 0FA2D4211FB05CCB00D51BB9 /* lookup_soft_elegance_2.png */; };
		0FA2D5791FB05CCC00D51BB9 /* GLProgram.m in Sources */ = {isa = PBXBuildFile; fileRef = 0FA2D4241FB05CCB00D51BB9 /* GLProgram.m */; };
		0FA2D57B1FB05CCC00D51BB9 /* GPUImage3x3ConvolutionFilter.m in Sources */ = {isa = PBXBuildFile; fileRef = 0FA2D4271FB05CCB00D51BB9 /* GPUImage3x3ConvolutionFilter.m */; };
		0FA2D57D1FB05CCC00D51BB9 /* GPUImage3x3TextureSamplingFilter.m in Sources */ = {isa = PBXBuildFile; fileRef = 0FA2D4291FB05CCB00D51BB9 /* GPUImage3x3TextureSamplingFilter.m */; };
		0FA2D57F1FB05CCC00D51BB9 /* GPUImageAdaptiveThresholdFilter.m in Sources */ = {isa = PBXBuildFile; fileRef = 0FA2D42B1FB05CCB00D51BB9 /* GPUImageAdaptiveThresholdFilter.m */; };
		0FA2D5811FB05CCC00D51BB9 /* GPUImageAddBlendFilter.m in Sources */ = {isa = PBXBuildFile; fileRef = 0FA2D42D1FB05CCB00D51BB9 /* GPUImageAddBlendFilter.m */; };
		0FA2D5831FB05CCC00D51BB9 /* GPUImageAlphaBlendFilter.m in Sources */ = {isa = PBXBuildFile; fileRef = 0FA2D42F1FB05CCB00D51BB9 /* GPUImageAlphaBlendFilter.m */; };
		0FA2D5851FB05CCC00D51BB9 /* GPUImageAmatorkaFilter.m in Sources */ = {isa = PBXBuildFile; fileRef = 0FA2D4311FB05CCB00D51BB9 /* GPUImageAmatorkaFilter.m */; };
		0FA2D5871FB05CCC00D51BB9 /* GPUImageAverageColor.m in Sources */ = {isa = PBXBuildFile; fileRef = 0FA2D4331FB05CCB00D51BB9 /* GPUImageAverageColor.m */; };
		0FA2D5891FB05CCC00D51BB9 /* GPUImageAverageLuminanceThresholdFilter.m in Sources */ = {isa = PBXBuildFile; fileRef = 0FA2D4351FB05CCB00D51BB9 /* GPUImageAverageLuminanceThresholdFilter.m */; };
		0FA2D58B1FB05CCC00D51BB9 /* GPUImageBilateralFilter.m in Sources */ = {isa = PBXBuildFile; fileRef = 0FA2D4371FB05CCB00D51BB9 /* GPUImageBilateralFilter.m */; };
		0FA2D58D1FB05CCC00D51BB9 /* GPUImageBoxBlurFilter.m in Sources */ = {isa = PBXBuildFile; fileRef = 0FA2D4391FB05CCB00D51BB9 /* GPUImageBoxBlurFilter.m */; };
		0FA2D58F1FB05CCC00D51BB9 /* GPUImageBrightnessFilter.m in Sources */ = {isa = PBXBuildFile; fileRef = 0FA2D43B1FB05CCB00D51BB9 /* GPUImageBrightnessFilter.m */; };
		0FA2D5911FB05CCC00D51BB9 /* GPUImageBuffer.m in Sources */ = {isa = PBXBuildFile; fileRef = 0FA2D43D1FB05CCB00D51BB9 /* GPUImageBuffer.m */; };
		0FA2D5931FB05CCC00D51BB9 /* GPUImageBulgeDistortionFilter.m in Sources */ = {isa = PBXBuildFile; fileRef = 0FA2D43F1FB05CCB00D51BB9 /* GPUImageBulgeDistortionFilter.m */; };
		0FA2D5951FB05CCC00D51BB9 /* GPUImageCannyEdgeDetectionFilter.m in Sources */ = {isa = PBXBuildFile; fileRef = 0FA2D4411FB05CCB00D51BB9 /* GPUImageCannyEdgeDetectionFilter.m */; };
		0FA2D5971FB05CCC00D51BB9 /* GPUImageCGAColorspaceFilter.m in Sources */ = {isa = PBXBuildFile; fileRef = 0FA2D4431FB05CCB00D51BB9 /* GPUImageCGAColorspaceFilter.m */; };
		0FA2D5991FB05CCC00D51BB9 /* GPUImageChromaKeyBlendFilter.m in Sources */ = {isa = PBXBuildFile; fileRef = 0FA2D4451FB05CCB00D51BB9 /* GPUImageChromaKeyBlendFilter.m */; };
		0FA2D59B1FB05CCC00D51BB9 /* GPUImageChromaKeyFilter.m in Sources */ = {isa = PBXBuildFile; fileRef = 0FA2D4471FB05CCB00D51BB9 /* GPUImageChromaKeyFilter.m */; };
		0FA2D59D1FB05CCC00D51BB9 /* GPUImageClosingFilter.m in Sources */ = {isa = PBXBuildFile; fileRef = 0FA2D4491FB05CCB00D51BB9 /* GPUImageClosingFilter.m */; };
		0FA2D59F1FB05CCC00D51BB9 /* GPUImageColorBlendFilter.m in Sources */ = {isa = PBXBuildFile; fileRef = 0FA2D44B1FB05CCB00D51BB9 /* GPUImageColorBlendFilter.m */; };
		0FA2D5A11FB05CCC00D51BB9 /* GPUImageColorBurnBlendFilter.m in Sources */ = {isa = PBXBuildFile; fileRef = 0FA2D44D1FB05CCB00D51BB9 /* GPUImageColorBurnBlendFilter.m */; };
		0FA2D5A31FB05CCC00D51BB9 /* GPUImageColorDodgeBlendFilter.m in Sources */ = {isa = PBXBuildFile; fileRef = 0FA2D44F1FB05CCB00D51BB9 /* GPUImageColorDodgeBlendFilter.m */; };
		0FA2D5A51FB05CCC00D51BB9 /* GPUImageColorInvertFilter.m in Sources */ = {isa = PBXBuildFile; fileRef = 0FA2D4511FB05CCB00D51BB9 /* GPUImageColorInvertFilter.m */; };
		0FA2D5A71FB05CCC00D51BB9 /* GPUImageColorMatrixFilter.m in Sources */ = {isa = PBXBuildFile; fileRef = 0FA2D4531FB05CCB00D51BB9 /* GPUImageColorMatrixFilter.m */; };
		0FA2D5A91FB05CCC00D51BB9 /* GPUImageColorPackingFilter.m in Sources */ = {isa = PBXBuildFile; fileRef = 0FA2D4551FB05CCB00D51BB9 /* GPUImageColorPackingFilter.m */; };
		0FA2D5AB1FB05CCC00D51BB9 /* GPUImageContrastFilter.m in Sources */ = {isa = PBXBuildFile; fileRef = 0FA2D4571FB05CCB00D51BB9 /* GPUImageContrastFilter.m */; };
		0FA2D5AD1FB05CCC00D51BB9 /* GPUImageCropFilter.m in Sources */ = {isa = PBXBuildFile; fileRef = 0FA2D4591FB05CCB00D51BB9 /* GPUImageCropFilter.m */; };
		0FA2D5AF1FB05CCC00D51BB9 /* GPUImageCrosshairGenerator.m in Sources */ = {isa = PBXBuildFile; fileRef = 0FA2D45B1FB05CCB00D51BB9 /* GPUImageCrosshairGenerator.m */; };
		0FA2D5B11FB05CCC00D51BB9 /* GPUImageCrosshatchFilter.m in Sources */ = {isa = PBXBuildFile; fileRef = 0FA2D45D1FB05CCB00D51BB9 /* GPUImageCrosshatchFilter.m */; };
		0FA2D5B31FB05CCC00D51BB9 /* GPUImageDarkenBlendFilter.m in Sources */ = {isa = PBXBuildFile; fileRef = 0FA2D45F1FB05CCB00D51BB9 /* GPUImageDarkenBlendFilter.m */; };
		0FA2D5B51FB05CCC00D51BB9 /* GPUImageDifferenceBlendFilter.m in Sources */ = {isa = PBXBuildFile; fileRef = 0FA2D4611FB05CCB00D51BB9 /* GPUImageDifferenceBlendFilter.m */; };
		0FA2D5B71FB05CCC00D51BB9 /* GPUImageDilationFilter.m in Sources */ = {isa = PBXBuildFile; fileRef = 0FA2D4631FB05CCB00D51BB9 /* GPUImageDilationFilter.m */; };
		0FA2D5B91FB05CCC00D51BB9 /* GPUImageDirectionalNonMaximumSuppressionFilter.m in Sources */ = {isa = PBXBuildFile; fileRef = 0FA2D4651FB05CCB00D51BB9 /* GPUImageDirectionalNonMaximumSuppressionFilter.m */; };
		0FA2D5BB1FB05CCC00D51BB9 /* GPUImageDirectionalSobelEdgeDetectionFilter.m in Sources */ = {isa = PBXBuildFile; fileRef = 0FA2D4671FB05CCB00D51BB9 /* GPUImageDirectionalSobelEdgeDetectionFilter.m */; };
		0FA2D5BD1FB05CCC00D51BB9 /* GPUImageDissolveBlendFilter.m in Sources */ = {isa = PBXBuildFile; fileRef = 0FA2D4691FB05CCB00D51BB9 /* GPUImageDissolveBlendFilter.m */; };
		0FA2D5BF1FB05CCC00D51BB9 /* GPUImageDivideBlendFilter.m in Sources */ = {isa = PBXBuildFile; fileRef = 0FA2D46B1FB05CCB00D51BB9 /* GPUImageDivideBlendFilter.m */; };
		0FA2D5C11FB05CCC00D51BB9 /* GPUImageEmbossFilter.m in Sources */ = {isa = PBXBuildFile; fileRef = 0FA2D46D1FB05CCB00D51BB9 /* GPUImageEmbossFilter.m */; };
		0FA2D5C31FB05CCC00D51BB9 /* GPUImageErosionFilter.m in Sources */ = {isa = PBXBuildFile; fileRef = 0FA2D46F1FB05CCB00D51BB9 /* GPUImageErosionFilter.m */; };
		0FA2D5C51FB05CCC00D51BB9 /* GPUImageExclusionBlendFilter.m in Sources */ = {isa = PBXBuildFile; fileRef = 0FA2D4711FB05CCB00D51BB9 /* GPUImageExclusionBlendFilter.m */; };
		0FA2D5C71FB05CCC00D51BB9 /* GPUImageExposureFilter.m in Sources */ = {isa = PBXBuildFile; fileRef = 0FA2D4731FB05CCB00D51BB9 /* GPUImageExposureFilter.m */; };
		0FA2D5C91FB05CCC00D51BB9 /* GPUImageFalseColorFilter.m in Sources */ = {isa = PBXBuildFile; fileRef = 0FA2D4751FB05CCB00D51BB9 /* GPUImageFalseColorFilter.m */; };
		0FA2D5CB1FB05CCC00D51BB9 /* GPUImageFASTCornerDetectionFilter.m in Sources */ = {isa = PBXBuildFile; fileRef = 0FA2D4771FB05CCB00D51BB9 /* GPUImageFASTCornerDetectionFilter.m */; };
		0FA2D5CD1FB05CCC00D51BB9 /* GPUImageFilter.m in Sources */ = {isa = PBXBuildFile; fileRef = 0FA2D4791FB05CCB00D51BB9 /* GPUImageFilter.m */; };
		0FA2D5CF1FB05CCC00D51BB9 /* GPUImageFilterGroup.m in Sources */ = {isa = PBXBuildFile; fileRef = 0FA2D47B1FB05CCB00D51BB9 /* GPUImageFilterGroup.m */; };
		0FA2D5D11FB05CCC00D51BB9 /* GPUImageFilterPipeline.m in Sources */ = {isa = PBXBuildFile; fileRef = 0FA2D47D1FB05CCB00D51BB9 /* GPUImageFilterPipeline.m */; };
		0FA2D5D31FB05CCC00D51BB9 /* GPUImageFramebuffer.m in Sources */ = {isa = PBXBuildFile; fileRef = 0FA2D47F1FB05CCB00D51BB9 /* GPUImageFramebuffer.m */; };
		0FA2D5D51FB05CCC00D51BB9 /* GPUImageFramebufferCache.m in Sources */ = {isa = PBXBuildFile; fileRef = 0FA2D4811FB05CCB00D51BB9 /* GPUImageFramebufferCache.m */; };
		0FA2D5D71FB05CCC00D51BB9 /* GPUImageGammaFilter.m in Sources */ = {isa = PBXBuildFile; fileRef = 0FA2D4831FB05CCB00D51BB9 /* GPUImageGammaFilter.m */; };
		0FA2D5D91FB05CCC00D51BB9 /* GPUImageGaussianBlurFilter.m in Sources */ = {isa = PBXBuildFile; fileRef = 0FA2D4851FB05CCB00D51BB9 /* GPUImageGaussianBlurFilter.m */; };
		0FA2D5DB1FB05CCC00D51BB9 /* GPUImageGaussianBlurPositionFilter.m in Sources */ = {isa = PBXBuildFile; fileRef = 0FA2D4871FB05CCB00D51BB9 /* GPUImageGaussianBlurPositionFilter.m */; };
		0FA2D5DD1FB05CCC00D51BB9 /* GPUImageGaussianSelectiveBlurFilter.m in Sources */ = {isa = PBXBuildFile; fileRef = 0FA2D4891FB05CCB00D51BB9 /* GPUImageGaussianSelectiveBlurFilter.m */; };
		0FA2D5DF1FB05CCC00D51BB9 /* GPUImageGlassSphereFilter.m in Sources */ = {isa = PBXBuildFile; fileRef = 0FA2D48B1FB05CCB00D51BB9 /* GPUImageGlassSphereFilter.m */; };
		0FA2D5E11FB05CCC00D51BB9 /* GPUImageGrayscaleFilter.m in Sources */ = {isa = PBXBuildFile; fileRef = 0FA2D48D1FB05CCB00D51BB9 /* GPUImageGrayscaleFilter.m */; };
		0FA2D5E31FB05CCC00D51BB9 /* GPUImageHalftoneFilter.m in Sources */ = {isa = PBXBuildFile; fileRef = 0FA2D48F1FB05CCB00D51BB9 /* GPUImageHalftoneFilter.m */; };
		0FA2D5E51FB05CCC00D51BB9 /* GPUImageHardLightBlendFilter.m in Sources */ = {isa = PBXBuildFile; fileRef = 0FA2D4911FB05CCB00D51BB9 /* GPUImageHardLightBlendFilter.m */; };
		0FA2D5E71FB05CCC00D51BB9 /* GPUImageHarrisCornerDetectionFilter.m in Sources */ = {isa = PBXBuildFile; fileRef = 0FA2D4931FB05CCB00D51BB9 /* GPUImageHarrisCornerDetectionFilter.m */; };
		0FA2D5E91FB05CCC00D51BB9 /* GPUImageHazeFilter.m in Sources */ = {isa = PBXBuildFile; fileRef = 0FA2D4951FB05CCB00D51BB9 /* GPUImageHazeFilter.m */; };
		0FA2D5EB1FB05CCC00D51BB9 /* GPUImageHighlightShadowFilter.m in Sources */ = {isa = PBXBuildFile; fileRef = 0FA2D4971FB05CCB00D51BB9 /* GPUImageHighlightShadowFilter.m */; };
		0FA2D5ED1FB05CCC00D51BB9 /* GPUImageHighPassFilter.m in Sources */ = {isa = PBXBuildFile; fileRef = 0FA2D4991FB05CCB00D51BB9 /* GPUImageHighPassFilter.m */; };
		0FA2D5EF1FB05CCC00D51BB9 /* GPUImageHistogramEqualizationFilter.m in Sources */ = {isa = PBXBuildFile; fileRef = 0FA2D49B1FB05CCB00D51BB9 /* GPUImageHistogramEqualizationFilter.m */; };
		0FA2D5F11FB05CCC00D51BB9 /* GPUImageHistogramFilter.m in Sources */ = {isa = PBXBuildFile; fileRef = 0FA2D49D1FB05CCB00D51BB9 /* GPUImageHistogramFilter.m */; };
		0FA2D5F31FB05CCC00D51BB9 /* GPUImageHistogramGenerator.m in Sources */ = {isa = PBXBuildFile; fileRef = 0FA2D49F1FB05CCB00D51BB9 /* GPUImageHistogramGenerator.m */; };
		0FA2D5F51FB05CCC00D51BB9 /* GPUImageHoughTransformLineDetector.m in Sources */ = {isa = PBXBuildFile; fileRef = 0FA2D4A11FB05CCB00D51BB9 /* GPUImageHoughTransformLineDetector.m */; };
		0FA2D5F71FB05CCC00D51BB9 /* GPUImageHSBFilter.m in Sources */ = {isa = PBXBuildFile; fileRef = 0FA2D4A31FB05CCB00D51BB9 /* GPUImageHSBFilter.m */; };
		0FA2D5F91FB05CCC00D51BB9 /* GPUImageHueBlendFilter.m in Sources */ = {isa = PBXBuildFile; fileRef = 0FA2D4A51FB05CCB00D51BB9 /* GPUImageHueBlendFilter.m */; };
		0FA2D5FB1FB05CCC00D51BB9 /* GPUImageHueFilter.m in Sources */ = {isa = PBXBuildFile; fileRef = 0FA2D4A71FB05CCB00D51BB9 /* GPUImageHueFilter.m */; };
		0FA2D5FD1FB05CCC00D51BB9 /* GPUImageiOSBlurFilter.m in Sources */ = {isa = PBXBuildFile; fileRef = 0FA2D4A91FB05CCB00D51BB9 /* GPUImageiOSBlurFilter.m */; };
		0FA2D5FF1FB05CCC00D51BB9 /* GPUImageJFAVoronoiFilter.m in Sources */ = {isa = PBXBuildFile; fileRef = 0FA2D4AB1FB05CCB00D51BB9 /* GPUImageJFAVoronoiFilter.m */; };
		0FA2D6011FB05CCC00D51BB9 /* GPUImageKuwaharaFilter.m in Sources */ = {isa = PBXBuildFile; fileRef = 0FA2D4AD1FB05CCB00D51BB9 /* GPUImageKuwaharaFilter.m */; };
		0FA2D6031FB05CCC00D51BB9 /* GPUImageKuwaharaRadius3Filter.m in Sources */ = {isa = PBXBuildFile; fileRef = 0FA2D4AF1FB05CCB00D51BB9 /* GPUImageKuwaharaRadius3Filter.m */; };
		0FA2D6051FB05CCC00D51BB9 /* GPUImageLanczosResamplingFilter.m in Sources */ = {isa = PBXBuildFile; fileRef = 0FA2D4B11FB05CCB00D51BB9 /* GPUImageLanczosResamplingFilter.m */; };
		0FA2D6071FB05CCC00D51BB9 /* GPUImageLaplacianFilter.m in Sources */ = {isa = PBXBuildFile; fileRef = 0FA2D4B31FB05CCB00D51BB9 /* GPUImageLaplacianFilter.m */; };
		0FA2D6091FB05CCC00D51BB9 /* GPUImageLevelsFilter.m in Sources */ = {isa = PBXBuildFile; fileRef = 0FA2D4B51FB05CCB00D51BB9 /* GPUImageLevelsFilter.m */; };
		0FA2D60B1FB05CCC00D51BB9 /* GPUImageLightenBlendFilter.m in Sources */ = {isa = PBXBuildFile; fileRef = 0FA2D4B71FB05CCB00D51BB9 /* GPUImageLightenBlendFilter.m */; };
		0FA2D60D1FB05CCC00D51BB9 /* GPUImageLinearBurnBlendFilter.m in Sources */ = {isa = PBXBuildFile; fileRef = 0FA2D4B91FB05CCB00D51BB9 /* GPUImageLinearBurnBlendFilter.m */; };
		0FA2D60F1FB05CCC00D51BB9 /* GPUImageLineGenerator.m in Sources */ = {isa = PBXBuildFile; fileRef = 0FA2D4BB1FB05CCB00D51BB9 /* GPUImageLineGenerator.m */; };
		0FA2D6111FB05CCC00D51BB9 /* GPUImageLocalBinaryPatternFilter.m in Sources */ = {isa = PBXBuildFile; fileRef = 0FA2D4BD1FB05CCB00D51BB9 /* GPUImageLocalBinaryPatternFilter.m */; };
		0FA2D6131FB05CCC00D51BB9 /* GPUImageLookupFilter.m in Sources */ = {isa = PBXBuildFile; fileRef = 0FA2D4BF1FB05CCB00D51BB9 /* GPUImageLookupFilter.m */; };
		0FA2D6151FB05CCC00D51BB9 /* GPUImageLowPassFilter.m in Sources */ = {isa = PBXBuildFile; fileRef = 0FA2D4C11FB05CCB00D51BB9 /* GPUImageLowPassFilter.m */; };
		0FA2D6171FB05CCC00D51BB9 /* GPUImageLuminanceRangeFilter.m in Sources */ = {isa = PBXBuildFile; fileRef = 0FA2D4C31FB05CCB00D51BB9 /* GPUImageLuminanceRangeFilter.m */; };
		0FA2D6191FB05CCC00D51BB9 /* GPUImageLuminanceThresholdFilter.m in Sources */ = {isa = PBXBuildFile; fileRef = 0FA2D4C51FB05CCB00D51BB9 /* GPUImageLuminanceThresholdFilter.m */; };
		0FA2D61B1FB05CCC00D51BB9 /* GPUImageLuminosity.m in Sources */ = {isa = PBXBuildFile; fileRef = 0FA2D4C71FB05CCB00D51BB9 /* GPUImageLuminosity.m */; };
		0FA2D61D1FB05CCC00D51BB9 /* GPUImageLuminosityBlendFilter.m in Sources */ = {isa = PBXBuildFile; fileRef = 0FA2D4C91FB05CCB00D51BB9 /* GPUImageLuminosityBlendFilter.m */; };
		0FA2D61F1FB05CCC00D51BB9 /* GPUImageMaskFilter.m in Sources */ = {isa = PBXBuildFile; fileRef = 0FA2D4CB1FB05CCB00D51BB9 /* GPUImageMaskFilter.m */; };
		0FA2D6211FB05CCC00D51BB9 /* GPUImageMedianFilter.m in Sources */ = {isa = PBXBuildFile; fileRef = 0FA2D4CD1FB05CCB00D51BB9 /* GPUImageMedianFilter.m */; };
		0FA2D6231FB05CCC00D51BB9 /* GPUImageMissEtikateFilter.m in Sources */ = {isa = PBXBuildFile; fileRef = 0FA2D4CF1FB05CCB00D51BB9 /* GPUImageMissEtikateFilter.m */; };
		0FA2D6251FB05CCC00D51BB9 /* GPUImageMonochromeFilter.m in Sources */ = {isa = PBXBuildFile; fileRef = 0FA2D4D11FB05CCB00D51BB9 /* GPUImageMonochromeFilter.m */; };
		0FA2D6271FB05CCC00D51BB9 /* GPUImageMosaicFilter.m in Sources */ = {isa = PBXBuildFile; fileRef = 0FA2D4D31FB05CCB00D51BB9 /* GPUImageMosaicFilter.m */; };
		0FA2D6291FB05CCC00D51BB9 /* GPUImageMotionBlurFilter.m in Sources */ = {isa = PBXBuildFile; fileRef = 0FA2D4D51FB05CCB00D51BB9 /* GPUImageMotionBlurFilter.m */; };
		0FA2D62B1FB05CCC00D51BB9 /* GPUImageMotionDetector.m in Sources */ = {isa = PBXBuildFile; fileRef = 0FA2D4D71FB05CCB00D51BB9 /* GPUImageMotionDetector.m */; };
		0FA2D62D1FB05CCC00D51BB9 /* GPUImageMovie.m in Sources */ = {isa = PBXBuildFile; fileRef = 0FA2D4D91FB05CCB00D51BB9 /* GPUImageMovie.m */; };
		0FA2D62F1FB05CCC00D51BB9 /* GPUImageMovieComposition.m in Sources */ = {isa = PBXBuildFile; fileRef = 0FA2D4DB1FB05CCB00D51BB9 /* GPUImageMovieComposition.m */; };
		0FA2D6311FB05CCC00D51BB9 /* GPUImageMultiplyBlendFilter.m in Sources */ = {isa = PBXBuildFile; fileRef = 0FA2D4DD1FB05CCB00D51BB9 /* GPUImageMultiplyBlendFilter.m */; };
		0FA2D6331FB05CCC00D51BB9 /* GPUImageNobleCornerDetectionFilter.m in Sources */ = {isa = PBXBuildFile; fileRef = 0FA2D4DF1FB05CCB00D51BB9 /* GPUImageNobleCornerDetectionFilter.m */; };
		0FA2D6351FB05CCC00D51BB9 /* GPUImageNonMaximumSuppressionFilter.m in Sources */ = {isa = PBXBuildFile; fileRef = 0FA2D4E11FB05CCB00D51BB9 /* GPUImageNonMaximumSuppressionFilter.m */; };
		0FA2D6371FB05CCC00D51BB9 /* GPUImageNormalBlendFilter.m in Sources */ = {isa = PBXBuildFile; fileRef = 0FA2D4E31FB05CCB00D51BB9 /* GPUImageNormalBlendFilter.m */; };
		0FA2D6391FB05CCC00D51BB9 /* GPUImageOpacityFilter.m in Sources */ = {isa = PBXBuildFile; fileRef = 0FA2D4E51FB05CCB00D51BB9 /* GPUImageOpacityFilter.m */; };
		0FA2D63B1FB05CCC00D51BB9 /* GPUImageOpeningFilter.m in Sources */ = {isa = PBXBuildFile; fileRef = 0FA2D4E71FB05CCB00D51BB9 /* GPUImageOpeningFilter.m */; };
		0FA2D63D1FB05CCC00D51BB9 /* GPUImageOutput.m in Sources */ = {isa = PBXBuildFile; fileRef = 0FA2D4E91FB05CCB00D51BB9 /* GPUImageOutput.m */; };
		0FA2D63F1FB05CCC00D51BB9 /* GPUImageOverlayBlendFilter.m in Sources */ = {isa = PBXBuildFile; fileRef = 0FA2D4EB1FB05CCB00D51BB9 /* GPUImageOverlayBlendFilter.m */; };
		0FA2D6411FB05CCC00D51BB9 /* GPUImageParallelCoordinateLineTransformFilter.m in Sources */ = {isa = PBXBuildFile; fileRef = 0FA2D4ED1FB05CCB00D51BB9 /* GPUImageParallelCoordinateLineTransformFilter.m */; };
		0FA2D6431FB05CCC00D51BB9 /* GPUImagePerlinNoiseFilter.m in Sources */ = {isa = PBXBuildFile; fileRef = 0FA2D4EF1FB05CCB00D51BB9 /* GPUImagePerlinNoiseFilter.m */; };
		0FA2D6451FB05CCC00D51BB9 /* GPUImagePinchDistortionFilter.m in Sources */ = {isa = PBXBuildFile; fileRef = 0FA2D4F11FB05CCB00D51BB9 /* GPUImagePinchDistortionFilter.m */; };
		0FA2D6471FB05CCC00D51BB9 /* GPUImagePixellateFilter.m in Sources */ = {isa = PBXBuildFile; fileRef = 0FA2D4F31FB05CCB00D51BB9 /* GPUImagePixellateFilter.m */; };
		0FA2D6491FB05CCD00D51BB9 /* GPUImagePixellatePositionFilter.m in Sources */ = {isa = PBXBuildFile; fileRef = 0FA2D4F51FB05CCB00D51BB9 /* GPUImagePixellatePositionFilter.m */; };
		0FA2D64B1FB05CCD00D51BB9 /* GPUImagePoissonBlendFilter.m in Sources */ = {isa = PBXBuildFile; fileRef = 0FA2D4F71FB05CCB00D51BB9 /* GPUImagePoissonBlendFilter.m */; };
		0FA2D64D1FB05CCD00D51BB9 /* GPUImagePolarPixellateFilter.m in Sources */ = {isa = PBXBuildFile; fileRef = 0FA2D4F91FB05CCB00D51BB9 /* GPUImagePolarPixellateFilter.m */; };
		0FA2D64F1FB05CCD00D51BB9 /* GPUImagePolkaDotFilter.m in Sources */ = {isa = PBXBuildFile; fileRef = 0FA2D4FB1FB05CCB00D51BB9 /* GPUImagePolkaDotFilter.m */; };
		0FA2D6511FB05CCD00D51BB9 /* GPUImagePosterizeFilter.m in Sources */ = {isa = PBXBuildFile; fileRef = 0FA2D4FD1FB05CCB00D51BB9 /* GPUImagePosterizeFilter.m */; };
		0FA2D6531FB05CCD00D51BB9 /* GPUImagePrewittEdgeDetectionFilter.m in Sources */ = {isa = PBXBuildFile; fileRef = 0FA2D4FF1FB05CCB00D51BB9 /* GPUImagePrewittEdgeDetectionFilter.m */; };
		0FA2D6551FB05CCD00D51BB9 /* GPUImageRawDataInput.m in Sources */ = {isa = PBXBuildFile; fileRef = 0FA2D5011FB05CCB00D51BB9 /* GPUImageRawDataInput.m */; };
		0FA2D6571FB05CCD00D51BB9 /* GPUImageRawDataOutput.m in Sources */ = {isa = PBXBuildFile; fileRef = 0FA2D5031FB05CCB00D51BB9 /* GPUImageRawDataOutput.m */; };
		0FA2D6591FB05CCD00D51BB9 /* GPUImageRGBClosingFilter.m in Sources */ = {isa = PBXBuildFile; fileRef = 0FA2D5051FB05CCC00D51BB9 /* GPUImageRGBClosingFilter.m */; };
		0FA2D65B1FB05CCD00D51BB9 /* GPUImageRGBDilationFilter.m in Sources */ = {isa = PBXBuildFile; fileRef = 0FA2D5071FB05CCC00D51BB9 /* GPUImageRGBDilationFilter.m */; };
		0FA2D65D1FB05CCD00D51BB9 /* GPUImageRGBErosionFilter.m in Sources */ = {isa = PBXBuildFile; fileRef = 0FA2D5091FB05CCC00D51BB9 /* GPUImageRGBErosionFilter.m */; };
		0FA2D65F1FB05CCD00D51BB9 /* GPUImageRGBFilter.m in Sources */ = {isa = PBXBuildFile; fileRef = 0FA2D50B1FB05CCC00D51BB9 /* GPUImageRGBFilter.m */; };
		0FA2D6611FB05CCD00D51BB9 /* GPUImageRGBOpeningFilter.m in Sources */ = {isa = PBXBuildFile; fileRef = 0FA2D50D1FB05CCC00D51BB9 /* GPUImageRGBOpeningFilter.m */; };
		0FA2D6631FB05CCD00D51BB9 /* GPUImageSaturationBlendFilter.m in Sources */ = {isa = PBXBuildFile; fileRef = 0FA2D50F1FB05CCC00D51BB9 /* GPUImageSaturationBlendFilter.m */; };
		0FA2D6651FB05CCD00D51BB9 /* GPUImageSaturationFilter.m in Sources */ = {isa = PBXBuildFile; fileRef = 0FA2D5111FB05CCC00D51BB9 /* GPUImageSaturationFilter.m */; };
		0FA2D6671FB05CCD00D51BB9 /* GPUImageScreenBlendFilter.m in Sources */ = {isa = PBXBuildFile; fileRef = 0FA2D5131FB05CCC00D51BB9 /* GPUImageScreenBlendFilter.m */; };
		0FA2D6691FB05CCD00D51BB9 /* GPUImageSepiaFilter.m in Sources */ = {isa = PBXBuildFile; fileRef = 0FA2D5151FB05CCC00D51BB9 /* GPUImageSepiaFilter.m */; };
		0FA2D66B1FB05CCD00D51BB9 /* GPUImageSharpenFilter.m in Sources */ = {isa = PBXBuildFile; fileRef = 0FA2D5171FB05CCC00D51BB9 /* GPUImageSharpenFilter.m */; };
		0FA2D66D1FB05CCD00D51BB9 /* GPUImageShiTomasiFeatureDetectionFilter.m in Sources */ = {isa = PBXBuildFile; fileRef = 0FA2D5191FB05CCC00D51BB9 /* GPUImageShiTomasiFeatureDetectionFilter.m */; };
		0FA2D66F1FB05CCD00D51BB9 /* GPUImageSingleComponentGaussianBlurFilter.m in Sources */ = {isa = PBXBuildFile; fileRef = 0FA2D51B1FB05CCC00D51BB9 /* GPUImageSingleComponentGaussianBlurFilter.m */; };
		0FA2D6711FB05CCD00D51BB9 /* GPUImageSketchFilter.m in Sources */ = {isa = PBXBuildFile; fileRef = 0FA2D51D1FB05CCC00D51BB9 /* GPUImageSketchFilter.m */; };
		0FA2D6731FB05CCD00D51BB9 /* GPUImageSmoothToonFilter.m in Sources */ = {isa = PBXBuildFile; fileRef = 0FA2D51F1FB05CCC00D51BB9 /* GPUImageSmoothToonFilter.m */; };
		0FA2D6751FB05CCD00D51BB9 /* GPUImageSobelEdgeDetectionFilter.m in Sources */ = {isa = PBXBuildFile; fileRef = 0FA2D5211FB05CCC00D51BB9 /* GPUImageSobelEdgeDetectionFilter.m */; };
		0FA2D6771FB05CCD00D51BB9 /* GPUImageSoftEleganceFilter.m in Sources */ = {isa = PBXBuildFile; fileRef = 0FA2D5231FB05CCC00D51BB9 /* GPUImageSoftEleganceFilter.m */; };
		0FA2D6791FB05CCD00D51BB9 /* GPUImageSoftLightBlendFilter.m in Sources */ = {isa = PBXBuildFile; fileRef = 0FA2D5251FB05CCC00D51BB9 /* GPUImageSoftLightBlendFilter.m */; };
		0FA2D67B1FB05CCD00D51BB9 /* GPUImageSolidColorGenerator.m in Sources */ = {isa = PBXBuildFile; fileRef = 0FA2D5271FB05CCC00D51BB9 /* GPUImageSolidColorGenerator.m */; };
		0FA2D67D1FB05CCD00D51BB9 /* GPUImageSourceOverBlendFilter.m in Sources */ = {isa = PBXBuildFile; fileRef = 0FA2D5291FB05CCC00D51BB9 /* GPUImageSourceOverBlendFilter.m */; };
		0FA2D67F1FB05CCD00D51BB9 /* GPUImageSphereRefractionFilter.m in Sources */ = {isa = PBXBuildFile; fileRef = 0FA2D52B1FB05CCC00D51BB9 /* GPUImageSphereRefractionFilter.m */; };
		0FA2D6811FB05CCD00D51BB9 /* GPUImageStillCamera.m in Sources */ = {isa = PBXBuildFile; fileRef = 0FA2D52D1FB05CCC00D51BB9 /* GPUImageStillCamera.m */; };
		0FA2D6831FB05CCD00D51BB9 /* GPUImageStretchDistortionFilter.m in Sources */ = {isa = PBXBuildFile; fileRef = 0FA2D52F1FB05CCC00D51BB9 /* GPUImageStretchDistortionFilter.